# THIS IS AN AUTOGENERATED FILE. DO NOT EDIT THIS FILE DIRECTLY.
# yarn lockfile v1


"@babel/parser@^7.16.4":
  version "7.17.10"
  resolved "https://registry.npmjs.org/@babel/parser/-/parser-7.17.10.tgz"

"@nodelib/fs.scandir@2.1.5":
  version "2.1.5"
  resolved "https://registry.npmjs.org/@nodelib/fs.scandir/-/fs.scandir-2.1.5.tgz"
  dependencies:
    "@nodelib/fs.stat" "2.0.5"
    run-parallel "^1.1.9"

"@nodelib/fs.stat@2.0.5", "@nodelib/fs.stat@^2.0.2":
  version "2.0.5"
  resolved "https://registry.npmjs.org/@nodelib/fs.stat/-/fs.stat-2.0.5.tgz"

"@nodelib/fs.walk@^1.2.3":
  version "1.2.8"
  resolved "https://registry.npmjs.org/@nodelib/fs.walk/-/fs.walk-1.2.8.tgz"
  dependencies:
    "@nodelib/fs.scandir" "2.1.5"
    fastq "^1.6.0"

"@types/debug@^4.1.7":
  version "4.1.7"
  resolved "https://registry.npmjs.org/@types/debug/-/debug-4.1.7.tgz"
  dependencies:
    "@types/ms" "*"

"@types/fs-extra@^9.0.13":
  version "9.0.13"
  resolved "https://registry.npmjs.org/@types/fs-extra/-/fs-extra-9.0.13.tgz"
  dependencies:
    "@types/node" "*"

"@types/linkify-it@*":
  version "3.0.2"
  resolved "https://registry.npmjs.org/@types/linkify-it/-/linkify-it-3.0.2.tgz"

"@types/markdown-it@^12.2.3":
  version "12.2.3"
  resolved "https://registry.npmjs.org/@types/markdown-it/-/markdown-it-12.2.3.tgz"
  dependencies:
    "@types/linkify-it" "*"
    "@types/mdurl" "*"

"@types/mdurl@*":
  version "1.0.2"
  resolved "https://registry.npmjs.org/@types/mdurl/-/mdurl-1.0.2.tgz"

"@types/ms@*":
  version "0.7.31"
  resolved "https://registry.npmjs.org/@types/ms/-/ms-0.7.31.tgz"

"@types/node@*":
  version "17.0.31"
  resolved "https://registry.npmjs.org/@types/node/-/node-17.0.31.tgz"

"@vitejs/plugin-vue@^2.3.1":
  version "2.3.2"
  resolved "https://registry.npmjs.org/@vitejs/plugin-vue/-/plugin-vue-2.3.2.tgz"

"@vue/compiler-core@3.2.33":
  version "3.2.33"
  resolved "https://registry.npmjs.org/@vue/compiler-core/-/compiler-core-3.2.33.tgz"
  dependencies:
    "@babel/parser" "^7.16.4"
    "@vue/shared" "3.2.33"
    estree-walker "^2.0.2"
    source-map "^0.6.1"

"@vue/compiler-dom@3.2.33":
  version "3.2.33"
  resolved "https://registry.npmjs.org/@vue/compiler-dom/-/compiler-dom-3.2.33.tgz"
  dependencies:
    "@vue/compiler-core" "3.2.33"
    "@vue/shared" "3.2.33"

"@vue/compiler-sfc@3.2.33":
  version "3.2.33"
  resolved "https://registry.npmjs.org/@vue/compiler-sfc/-/compiler-sfc-3.2.33.tgz"
  dependencies:
    "@babel/parser" "^7.16.4"
    "@vue/compiler-core" "3.2.33"
    "@vue/compiler-dom" "3.2.33"
    "@vue/compiler-ssr" "3.2.33"
    "@vue/reactivity-transform" "3.2.33"
    "@vue/shared" "3.2.33"
    estree-walker "^2.0.2"
    magic-string "^0.25.7"
    postcss "^8.1.10"
    source-map "^0.6.1"

"@vue/compiler-ssr@3.2.33":
  version "3.2.33"
  resolved "https://registry.npmjs.org/@vue/compiler-ssr/-/compiler-ssr-3.2.33.tgz"
  dependencies:
    "@vue/compiler-dom" "3.2.33"
    "@vue/shared" "3.2.33"

"@vue/devtools-api@^6.0.0", "@vue/devtools-api@^6.1.4":
  version "6.1.4"
  resolved "https://registry.npmjs.org/@vue/devtools-api/-/devtools-api-6.1.4.tgz"

"@vue/reactivity-transform@3.2.33":
  version "3.2.33"
  resolved "https://registry.npmjs.org/@vue/reactivity-transform/-/reactivity-transform-3.2.33.tgz"
  dependencies:
    "@babel/parser" "^7.16.4"
    "@vue/compiler-core" "3.2.33"
    "@vue/shared" "3.2.33"
    estree-walker "^2.0.2"
    magic-string "^0.25.7"

"@vue/reactivity@3.2.33":
  version "3.2.33"
  resolved "https://registry.npmjs.org/@vue/reactivity/-/reactivity-3.2.33.tgz"
  dependencies:
    "@vue/shared" "3.2.33"

"@vue/runtime-core@3.2.33":
  version "3.2.33"
  resolved "https://registry.npmjs.org/@vue/runtime-core/-/runtime-core-3.2.33.tgz"
  dependencies:
    "@vue/reactivity" "3.2.33"
    "@vue/shared" "3.2.33"

"@vue/runtime-dom@3.2.33":
  version "3.2.33"
  resolved "https://registry.npmjs.org/@vue/runtime-dom/-/runtime-dom-3.2.33.tgz"
  dependencies:
    "@vue/runtime-core" "3.2.33"
    "@vue/shared" "3.2.33"
    csstype "^2.6.8"

"@vue/server-renderer@3.2.33":
  version "3.2.33"
  resolved "https://registry.npmjs.org/@vue/server-renderer/-/server-renderer-3.2.33.tgz"
  dependencies:
    "@vue/compiler-ssr" "3.2.33"
    "@vue/shared" "3.2.33"

"@vue/shared@3.2.33", "@vue/shared@^3.2.33":
  version "3.2.33"
  resolved "https://registry.npmjs.org/@vue/shared/-/shared-3.2.33.tgz"

"@vuepress/bundler-vite@2.0.0-beta.43":
  version "2.0.0-beta.43"
  resolved "https://registry.npmjs.org/@vuepress/bundler-vite/-/bundler-vite-2.0.0-beta.43.tgz"
  dependencies:
    "@vitejs/plugin-vue" "^2.3.1"
    "@vuepress/client" "2.0.0-beta.43"
    "@vuepress/core" "2.0.0-beta.43"
    "@vuepress/shared" "2.0.0-beta.43"
    "@vuepress/utils" "2.0.0-beta.43"
    autoprefixer "^10.4.5"
    connect-history-api-fallback "^1.6.0"
    postcss "^8.4.13"
    rollup "^2.71.1"
    vite "~2.9.6"
    vue "^3.2.33"
    vue-router "^4.0.14"

"@vuepress/cli@2.0.0-beta.43":
  version "2.0.0-beta.43"
  resolved "https://registry.npmjs.org/@vuepress/cli/-/cli-2.0.0-beta.43.tgz"
  dependencies:
    "@vuepress/core" "2.0.0-beta.43"
    "@vuepress/utils" "2.0.0-beta.43"
    cac "^6.7.12"
    chokidar "^3.5.3"
    envinfo "^7.8.1"
    esbuild "^0.14.36"

"@vuepress/client@2.0.0-beta.43":
  version "2.0.0-beta.43"
  resolved "https://registry.npmjs.org/@vuepress/client/-/client-2.0.0-beta.43.tgz"
  dependencies:
    "@vue/devtools-api" "^6.1.4"
    "@vuepress/shared" "2.0.0-beta.43"
    vue "^3.2.33"
    vue-router "^4.0.14"

"@vuepress/core@2.0.0-beta.43":
  version "2.0.0-beta.43"
  resolved "https://registry.npmjs.org/@vuepress/core/-/core-2.0.0-beta.43.tgz"
  dependencies:
    "@vuepress/client" "2.0.0-beta.43"
    "@vuepress/markdown" "2.0.0-beta.43"
    "@vuepress/shared" "2.0.0-beta.43"
    "@vuepress/utils" "2.0.0-beta.43"
    gray-matter "^4.0.3"
    toml "^3.0.0"
    vue "^3.2.33"

"@vuepress/markdown@2.0.0-beta.43":
  version "2.0.0-beta.43"
  resolved "https://registry.npmjs.org/@vuepress/markdown/-/markdown-2.0.0-beta.43.tgz"
  dependencies:
    "@types/markdown-it" "^12.2.3"
    "@vuepress/shared" "2.0.0-beta.43"
    "@vuepress/utils" "2.0.0-beta.43"
    markdown-it "^13.0.0"
    markdown-it-anchor "^8.4.1"
    markdown-it-emoji "^2.0.0"
    mdurl "^1.0.1"

"@vuepress/plugin-active-header-links@2.0.0-beta.43":
  version "2.0.0-beta.43"
  resolved "https://registry.npmjs.org/@vuepress/plugin-active-header-links/-/plugin-active-header-links-2.0.0-beta.43.tgz"
  dependencies:
    "@vuepress/client" "2.0.0-beta.43"
    "@vuepress/core" "2.0.0-beta.43"
    "@vuepress/utils" "2.0.0-beta.43"
    ts-debounce "^4.0.0"
    vue "^3.2.33"
    vue-router "^4.0.14"

"@vuepress/plugin-back-to-top@2.0.0-beta.43":
  version "2.0.0-beta.43"
  resolved "https://registry.npmjs.org/@vuepress/plugin-back-to-top/-/plugin-back-to-top-2.0.0-beta.43.tgz"
  dependencies:
    "@vuepress/core" "2.0.0-beta.43"
    "@vuepress/utils" "2.0.0-beta.43"
    ts-debounce "^4.0.0"
    vue "^3.2.33"

"@vuepress/plugin-container@2.0.0-beta.43":
  version "2.0.0-beta.43"
  resolved "https://registry.npmjs.org/@vuepress/plugin-container/-/plugin-container-2.0.0-beta.43.tgz"
  dependencies:
    "@types/markdown-it" "^12.2.3"
    "@vuepress/core" "2.0.0-beta.43"
    "@vuepress/markdown" "2.0.0-beta.43"
    "@vuepress/shared" "2.0.0-beta.43"
    "@vuepress/utils" "2.0.0-beta.43"
    markdown-it "^13.0.0"
    markdown-it-container "^3.0.0"

"@vuepress/plugin-external-link-icon@2.0.0-beta.43":
  version "2.0.0-beta.43"
  resolved "https://registry.npmjs.org/@vuepress/plugin-external-link-icon/-/plugin-external-link-icon-2.0.0-beta.43.tgz"
  dependencies:
    "@vuepress/client" "2.0.0-beta.43"
    "@vuepress/core" "2.0.0-beta.43"
    "@vuepress/markdown" "2.0.0-beta.43"
    "@vuepress/shared" "2.0.0-beta.43"
    "@vuepress/utils" "2.0.0-beta.43"
    vue "^3.2.33"

"@vuepress/plugin-git@2.0.0-beta.43":
  version "2.0.0-beta.43"
  resolved "https://registry.npmjs.org/@vuepress/plugin-git/-/plugin-git-2.0.0-beta.43.tgz"
  dependencies:
    "@vuepress/core" "2.0.0-beta.43"
    execa "^5.1.1"

"@vuepress/plugin-medium-zoom@2.0.0-beta.43":
  version "2.0.0-beta.43"
  resolved "https://registry.npmjs.org/@vuepress/plugin-medium-zoom/-/plugin-medium-zoom-2.0.0-beta.43.tgz"
  dependencies:
    "@vuepress/client" "2.0.0-beta.43"
    "@vuepress/core" "2.0.0-beta.43"
    "@vuepress/utils" "2.0.0-beta.43"
    medium-zoom "^1.0.6"
    vue "^3.2.33"

"@vuepress/plugin-nprogress@2.0.0-beta.43":
  version "2.0.0-beta.43"
  resolved "https://registry.npmjs.org/@vuepress/plugin-nprogress/-/plugin-nprogress-2.0.0-beta.43.tgz"
  dependencies:
    "@vuepress/client" "2.0.0-beta.43"
    "@vuepress/core" "2.0.0-beta.43"
    "@vuepress/utils" "2.0.0-beta.43"
    vue "^3.2.33"
    vue-router "^4.0.14"

"@vuepress/plugin-palette@2.0.0-beta.43":
  version "2.0.0-beta.43"
  resolved "https://registry.npmjs.org/@vuepress/plugin-palette/-/plugin-palette-2.0.0-beta.43.tgz"
  dependencies:
    "@vuepress/core" "2.0.0-beta.43"
    "@vuepress/utils" "2.0.0-beta.43"
    chokidar "^3.5.3"

"@vuepress/plugin-prismjs@2.0.0-beta.43":
  version "2.0.0-beta.43"
  resolved "https://registry.npmjs.org/@vuepress/plugin-prismjs/-/plugin-prismjs-2.0.0-beta.43.tgz"
  dependencies:
    "@vuepress/core" "2.0.0-beta.43"
    prismjs "^1.27.0"

"@vuepress/plugin-theme-data@2.0.0-beta.43":
  version "2.0.0-beta.43"
  resolved "https://registry.npmjs.org/@vuepress/plugin-theme-data/-/plugin-theme-data-2.0.0-beta.43.tgz"
  dependencies:
    "@vue/devtools-api" "^6.1.4"
    "@vuepress/client" "2.0.0-beta.43"
    "@vuepress/core" "2.0.0-beta.43"
    "@vuepress/shared" "2.0.0-beta.43"
    "@vuepress/utils" "2.0.0-beta.43"
    vue "^3.2.33"

"@vuepress/shared@2.0.0-beta.43":
  version "2.0.0-beta.43"
  resolved "https://registry.npmjs.org/@vuepress/shared/-/shared-2.0.0-beta.43.tgz"
  dependencies:
    "@vue/shared" "^3.2.33"

"@vuepress/theme-default@2.0.0-beta.43":
  version "2.0.0-beta.43"
  resolved "https://registry.npmjs.org/@vuepress/theme-default/-/theme-default-2.0.0-beta.43.tgz"
  dependencies:
    "@vuepress/client" "2.0.0-beta.43"
    "@vuepress/core" "2.0.0-beta.43"
    "@vuepress/plugin-active-header-links" "2.0.0-beta.43"
    "@vuepress/plugin-back-to-top" "2.0.0-beta.43"
    "@vuepress/plugin-container" "2.0.0-beta.43"
    "@vuepress/plugin-external-link-icon" "2.0.0-beta.43"
    "@vuepress/plugin-git" "2.0.0-beta.43"
    "@vuepress/plugin-medium-zoom" "2.0.0-beta.43"
    "@vuepress/plugin-nprogress" "2.0.0-beta.43"
    "@vuepress/plugin-palette" "2.0.0-beta.43"
    "@vuepress/plugin-prismjs" "2.0.0-beta.43"
    "@vuepress/plugin-theme-data" "2.0.0-beta.43"
    "@vuepress/shared" "2.0.0-beta.43"
    "@vuepress/utils" "2.0.0-beta.43"
    "@vueuse/core" "^8.2.1"
    sass "^1.51.0"
    vue "^3.2.33"
    vue-router "^4.0.14"

"@vuepress/utils@2.0.0-beta.43":
  version "2.0.0-beta.43"
  resolved "https://registry.npmjs.org/@vuepress/utils/-/utils-2.0.0-beta.43.tgz"
  dependencies:
    "@types/debug" "^4.1.7"
    "@types/fs-extra" "^9.0.13"
    "@vuepress/shared" "2.0.0-beta.43"
    chalk "^4.1.2"
    debug "^4.3.4"
    fs-extra "^10.0.1"
    globby "^11.0.4"
    hash-sum "^2.0.0"
    ora "^5.4.1"
    upath "^2.0.1"

"@vueuse/core@^8.2.1":
  version "8.4.2"
  resolved "https://registry.npmjs.org/@vueuse/core/-/core-8.4.2.tgz"
  dependencies:
    "@vueuse/metadata" "8.4.2"
    "@vueuse/shared" "8.4.2"
    vue-demi "*"

"@vueuse/metadata@8.4.2":
  version "8.4.2"
  resolved "https://registry.npmjs.org/@vueuse/metadata/-/metadata-8.4.2.tgz"

"@vueuse/shared@8.4.2":
  version "8.4.2"
  resolved "https://registry.npmjs.org/@vueuse/shared/-/shared-8.4.2.tgz"
  dependencies:
    vue-demi "*"

ansi-regex@^5.0.1:
  version "5.0.1"
  resolved "https://registry.npmjs.org/ansi-regex/-/ansi-regex-5.0.1.tgz"

ansi-styles@^4.1.0:
  version "4.3.0"
  resolved "https://registry.npmjs.org/ansi-styles/-/ansi-styles-4.3.0.tgz"
  dependencies:
    color-convert "^2.0.1"

anymatch@~3.1.2:
  version "3.1.2"
  resolved "https://registry.npmjs.org/anymatch/-/anymatch-3.1.2.tgz"
  dependencies:
    normalize-path "^3.0.0"
    picomatch "^2.0.4"

argparse@^1.0.7:
  version "1.0.10"
  resolved "https://registry.npmjs.org/argparse/-/argparse-1.0.10.tgz"
  dependencies:
    sprintf-js "~1.0.2"

argparse@^2.0.1:
  version "2.0.1"
  resolved "https://registry.npmjs.org/argparse/-/argparse-2.0.1.tgz"

array-union@^2.1.0:
  version "2.1.0"
  resolved "https://registry.npmjs.org/array-union/-/array-union-2.1.0.tgz"

autoprefixer@^10.4.5:
  version "10.4.7"
  resolved "https://registry.npmjs.org/autoprefixer/-/autoprefixer-10.4.7.tgz"
  dependencies:
    browserslist "^4.20.3"
    caniuse-lite "^1.0.30001335"
    fraction.js "^4.2.0"
    normalize-range "^0.1.2"
    picocolors "^1.0.0"
    postcss-value-parser "^4.2.0"

base64-js@^1.3.1:
  version "1.5.1"
  resolved "https://registry.npmjs.org/base64-js/-/base64-js-1.5.1.tgz"

binary-extensions@^2.0.0:
  version "2.2.0"
  resolved "https://registry.npmjs.org/binary-extensions/-/binary-extensions-2.2.0.tgz"

bl@^4.1.0:
  version "4.1.0"
  resolved "https://registry.npmjs.org/bl/-/bl-4.1.0.tgz"
  dependencies:
    buffer "^5.5.0"
    inherits "^2.0.4"
    readable-stream "^3.4.0"

braces@^3.0.2, braces@~3.0.2:
  version "3.0.2"
  resolved "https://registry.npmjs.org/braces/-/braces-3.0.2.tgz"
  dependencies:
    fill-range "^7.0.1"

browserslist@^4.20.3:
  version "4.20.3"
  resolved "https://registry.npmjs.org/browserslist/-/browserslist-4.20.3.tgz"
  dependencies:
    caniuse-lite "^1.0.30001332"
    electron-to-chromium "^1.4.118"
    escalade "^3.1.1"
    node-releases "^2.0.3"
    picocolors "^1.0.0"

buffer@^5.5.0:
  version "5.7.1"
  resolved "https://registry.npmjs.org/buffer/-/buffer-5.7.1.tgz"
  dependencies:
    base64-js "^1.3.1"
    ieee754 "^1.1.13"

cac@^6.7.12:
  version "6.7.12"
  resolved "https://registry.npmjs.org/cac/-/cac-6.7.12.tgz"

caniuse-lite@^1.0.30001332, caniuse-lite@^1.0.30001335:
  version "1.0.30001338"
  resolved "https://registry.npmjs.org/caniuse-lite/-/caniuse-lite-1.0.30001338.tgz"

chalk@^4.1.0, chalk@^4.1.2:
  version "4.1.2"
  resolved "https://registry.npmjs.org/chalk/-/chalk-4.1.2.tgz"
  dependencies:
    ansi-styles "^4.1.0"
    supports-color "^7.1.0"

"chokidar@>=3.0.0 <4.0.0", chokidar@^3.5.3:
  version "3.5.3"
  resolved "https://registry.npmjs.org/chokidar/-/chokidar-3.5.3.tgz"
  dependencies:
    anymatch "~3.1.2"
    braces "~3.0.2"
    glob-parent "~5.1.2"
    is-binary-path "~2.1.0"
    is-glob "~4.0.1"
    normalize-path "~3.0.0"
    readdirp "~3.6.0"
  optionalDependencies:
    fsevents "~2.3.2"

cli-cursor@^3.1.0:
  version "3.1.0"
  resolved "https://registry.npmjs.org/cli-cursor/-/cli-cursor-3.1.0.tgz"
  dependencies:
    restore-cursor "^3.1.0"

cli-spinners@^2.5.0:
  version "2.6.1"
  resolved "https://registry.npmjs.org/cli-spinners/-/cli-spinners-2.6.1.tgz"

clone@^1.0.2:
  version "1.0.4"
  resolved "https://registry.npmjs.org/clone/-/clone-1.0.4.tgz"

color-convert@^2.0.1:
  version "2.0.1"
  resolved "https://registry.npmjs.org/color-convert/-/color-convert-2.0.1.tgz"
  dependencies:
    color-name "~1.1.4"

color-name@~1.1.4:
  version "1.1.4"
  resolved "https://registry.npmjs.org/color-name/-/color-name-1.1.4.tgz"

connect-history-api-fallback@^1.6.0:
  version "1.6.0"
  resolved "https://registry.npmjs.org/connect-history-api-fallback/-/connect-history-api-fallback-1.6.0.tgz"

cross-spawn@^7.0.3:
  version "7.0.3"
  resolved "https://registry.npmjs.org/cross-spawn/-/cross-spawn-7.0.3.tgz"
  dependencies:
    path-key "^3.1.0"
    shebang-command "^2.0.0"
    which "^2.0.1"

csstype@^2.6.8:
  version "2.6.20"
  resolved "https://registry.npmjs.org/csstype/-/csstype-2.6.20.tgz"

debug@^4.3.4:
  version "4.3.4"
  resolved "https://registry.npmjs.org/debug/-/debug-4.3.4.tgz"
  dependencies:
    ms "2.1.2"

defaults@^1.0.3:
  version "1.0.3"
  resolved "https://registry.npmjs.org/defaults/-/defaults-1.0.3.tgz"
  dependencies:
    clone "^1.0.2"

dir-glob@^3.0.1:
  version "3.0.1"
  resolved "https://registry.npmjs.org/dir-glob/-/dir-glob-3.0.1.tgz"
  dependencies:
    path-type "^4.0.0"

electron-to-chromium@^1.4.118:
  version "1.4.137"
  resolved "https://registry.npmjs.org/electron-to-chromium/-/electron-to-chromium-1.4.137.tgz"

entities@~3.0.1:
  version "3.0.1"
  resolved "https://registry.npmjs.org/entities/-/entities-3.0.1.tgz"

envinfo@^7.8.1:
  version "7.8.1"
  resolved "https://registry.npmjs.org/envinfo/-/envinfo-7.8.1.tgz"

esbuild-android-64@0.14.38:
  version "0.14.38"
  resolved "https://registry.yarnpkg.com/esbuild-android-64/-/esbuild-android-64-0.14.38.tgz#5b94a1306df31d55055f64a62ff6b763a47b7f64"

esbuild-android-arm64@0.14.38:
  version "0.14.38"
  resolved "https://registry.yarnpkg.com/esbuild-android-arm64/-/esbuild-android-arm64-0.14.38.tgz#78acc80773d16007de5219ccce544c036abd50b8"

esbuild-darwin-64@0.14.38:
  version "0.14.38"
  resolved "https://registry.yarnpkg.com/esbuild-darwin-64/-/esbuild-darwin-64-0.14.38.tgz#e02b1291f629ebdc2aa46fabfacc9aa28ff6aa46"

esbuild-darwin-arm64@0.14.38:
  version "0.14.38"
  resolved "https://registry.npmjs.org/esbuild-darwin-arm64/-/esbuild-darwin-arm64-0.14.38.tgz"

esbuild-freebsd-64@0.14.38:
  version "0.14.38"
  resolved "https://registry.yarnpkg.com/esbuild-freebsd-64/-/esbuild-freebsd-64-0.14.38.tgz#790b8786729d4aac7be17648f9ea8e0e16475b5e"

esbuild-freebsd-arm64@0.14.38:
  version "0.14.38"
  resolved "https://registry.yarnpkg.com/esbuild-freebsd-arm64/-/esbuild-freebsd-arm64-0.14.38.tgz#b66340ab28c09c1098e6d9d8ff656db47d7211e6"

esbuild-linux-32@0.14.38:
  version "0.14.38"
  resolved "https://registry.yarnpkg.com/esbuild-linux-32/-/esbuild-linux-32-0.14.38.tgz#7927f950986fd39f0ff319e92839455912b67f70"

esbuild-linux-64@0.14.38:
  version "0.14.38"
  resolved "https://registry.yarnpkg.com/esbuild-linux-64/-/esbuild-linux-64-0.14.38.tgz#4893d07b229d9cfe34a2b3ce586399e73c3ac519"

esbuild-linux-arm64@0.14.38:
  version "0.14.38"
  resolved "https://registry.yarnpkg.com/esbuild-linux-arm64/-/esbuild-linux-arm64-0.14.38.tgz#8442402e37d0b8ae946ac616784d9c1a2041056a"

esbuild-linux-arm@0.14.38:
  version "0.14.38"
  resolved "https://registry.yarnpkg.com/esbuild-linux-arm/-/esbuild-linux-arm-0.14.38.tgz#d5dbf32d38b7f79be0ec6b5fb2f9251fd9066986"

esbuild-linux-mips64le@0.14.38:
  version "0.14.38"
  resolved "https://registry.yarnpkg.com/esbuild-linux-mips64le/-/esbuild-linux-mips64le-0.14.38.tgz#95081e42f698bbe35d8ccee0e3a237594b337eb5"

esbuild-linux-ppc64le@0.14.38:
  version "0.14.38"
  resolved "https://registry.yarnpkg.com/esbuild-linux-ppc64le/-/esbuild-linux-ppc64le-0.14.38.tgz#dceb0a1b186f5df679618882a7990bd422089b47"

esbuild-linux-riscv64@0.14.38:
  version "0.14.38"
  resolved "https://registry.yarnpkg.com/esbuild-linux-riscv64/-/esbuild-linux-riscv64-0.14.38.tgz#61fb8edb75f475f9208c4a93ab2bfab63821afd2"

esbuild-linux-s390x@0.14.38:
  version "0.14.38"
  resolved "https://registry.yarnpkg.com/esbuild-linux-s390x/-/esbuild-linux-s390x-0.14.38.tgz#34c7126a4937406bf6a5e69100185fd702d12fe0"

esbuild-netbsd-64@0.14.38:
  version "0.14.38"
  resolved "https://registry.yarnpkg.com/esbuild-netbsd-64/-/esbuild-netbsd-64-0.14.38.tgz#322ea9937d9e529183ee281c7996b93eb38a5d95"

esbuild-openbsd-64@0.14.38:
  version "0.14.38"
  resolved "https://registry.yarnpkg.com/esbuild-openbsd-64/-/esbuild-openbsd-64-0.14.38.tgz#1ca29bb7a2bf09592dcc26afdb45108f08a2cdbd"

esbuild-sunos-64@0.14.38:
  version "0.14.38"
  resolved "https://registry.yarnpkg.com/esbuild-sunos-64/-/esbuild-sunos-64-0.14.38.tgz#c9446f7d8ebf45093e7bb0e7045506a88540019b"

esbuild-windows-32@0.14.38:
  version "0.14.38"
  resolved "https://registry.yarnpkg.com/esbuild-windows-32/-/esbuild-windows-32-0.14.38.tgz#f8e9b4602fd0ccbd48e5c8d117ec0ba4040f2ad1"

esbuild-windows-64@0.14.38:
  version "0.14.38"
  resolved "https://registry.yarnpkg.com/esbuild-windows-64/-/esbuild-windows-64-0.14.38.tgz#280f58e69f78535f470905ce3e43db1746518107"

esbuild-windows-arm64@0.14.38:
  version "0.14.38"
  resolved "https://registry.yarnpkg.com/esbuild-windows-arm64/-/esbuild-windows-arm64-0.14.38.tgz#d97e9ac0f95a4c236d9173fa9f86c983d6a53f54"

esbuild@^0.14.27, esbuild@^0.14.36:
  version "0.14.38"
  resolved "https://registry.npmjs.org/esbuild/-/esbuild-0.14.38.tgz"
  optionalDependencies:
    esbuild-android-64 "0.14.38"
    esbuild-android-arm64 "0.14.38"
    esbuild-darwin-64 "0.14.38"
    esbuild-darwin-arm64 "0.14.38"
    esbuild-freebsd-64 "0.14.38"
    esbuild-freebsd-arm64 "0.14.38"
    esbuild-linux-32 "0.14.38"
    esbuild-linux-64 "0.14.38"
    esbuild-linux-arm "0.14.38"
    esbuild-linux-arm64 "0.14.38"
    esbuild-linux-mips64le "0.14.38"
    esbuild-linux-ppc64le "0.14.38"
    esbuild-linux-riscv64 "0.14.38"
    esbuild-linux-s390x "0.14.38"
    esbuild-netbsd-64 "0.14.38"
    esbuild-openbsd-64 "0.14.38"
    esbuild-sunos-64 "0.14.38"
    esbuild-windows-32 "0.14.38"
    esbuild-windows-64 "0.14.38"
    esbuild-windows-arm64 "0.14.38"

escalade@^3.1.1:
  version "3.1.1"
  resolved "https://registry.npmjs.org/escalade/-/escalade-3.1.1.tgz"

esprima@^4.0.0:
  version "4.0.1"
  resolved "https://registry.npmjs.org/esprima/-/esprima-4.0.1.tgz"

estree-walker@^2.0.2:
  version "2.0.2"
  resolved "https://registry.npmjs.org/estree-walker/-/estree-walker-2.0.2.tgz"

execa@^5.1.1:
  version "5.1.1"
  resolved "https://registry.npmjs.org/execa/-/execa-5.1.1.tgz"
  dependencies:
    cross-spawn "^7.0.3"
    get-stream "^6.0.0"
    human-signals "^2.1.0"
    is-stream "^2.0.0"
    merge-stream "^2.0.0"
    npm-run-path "^4.0.1"
    onetime "^5.1.2"
    signal-exit "^3.0.3"
    strip-final-newline "^2.0.0"

extend-shallow@^2.0.1:
  version "2.0.1"
  resolved "https://registry.npmjs.org/extend-shallow/-/extend-shallow-2.0.1.tgz"
  dependencies:
    is-extendable "^0.1.0"

fast-glob@^3.2.9:
  version "3.2.11"
  resolved "https://registry.npmjs.org/fast-glob/-/fast-glob-3.2.11.tgz"
  dependencies:
    "@nodelib/fs.stat" "^2.0.2"
    "@nodelib/fs.walk" "^1.2.3"
    glob-parent "^5.1.2"
    merge2 "^1.3.0"
    micromatch "^4.0.4"

fastq@^1.6.0:
  version "1.13.0"
  resolved "https://registry.npmjs.org/fastq/-/fastq-1.13.0.tgz"
  dependencies:
    reusify "^1.0.4"

fill-range@^7.0.1:
  version "7.0.1"
  resolved "https://registry.npmjs.org/fill-range/-/fill-range-7.0.1.tgz"
  dependencies:
    to-regex-range "^5.0.1"

fraction.js@^4.2.0:
  version "4.2.0"
  resolved "https://registry.npmjs.org/fraction.js/-/fraction.js-4.2.0.tgz"

fs-extra@^10.0.1:
  version "10.1.0"
  resolved "https://registry.npmjs.org/fs-extra/-/fs-extra-10.1.0.tgz"
  dependencies:
    graceful-fs "^4.2.0"
    jsonfile "^6.0.1"
    universalify "^2.0.0"

fsevents@~2.3.2:
  version "2.3.2"
  resolved "https://registry.npmjs.org/fsevents/-/fsevents-2.3.2.tgz"

function-bind@^1.1.1:
  version "1.1.1"
  resolved "https://registry.npmjs.org/function-bind/-/function-bind-1.1.1.tgz"

get-stream@^6.0.0:
  version "6.0.1"
  resolved "https://registry.npmjs.org/get-stream/-/get-stream-6.0.1.tgz"

glob-parent@^5.1.2, glob-parent@~5.1.2:
  version "5.1.2"
  resolved "https://registry.npmjs.org/glob-parent/-/glob-parent-5.1.2.tgz"
  dependencies:
    is-glob "^4.0.1"

globby@^11.0.4:
  version "11.1.0"
  resolved "https://registry.npmjs.org/globby/-/globby-11.1.0.tgz"
  dependencies:
    array-union "^2.1.0"
    dir-glob "^3.0.1"
    fast-glob "^3.2.9"
    ignore "^5.2.0"
    merge2 "^1.4.1"
    slash "^3.0.0"

graceful-fs@^4.1.6, graceful-fs@^4.2.0:
  version "4.2.10"
  resolved "https://registry.npmjs.org/graceful-fs/-/graceful-fs-4.2.10.tgz"

gray-matter@^4.0.3:
  version "4.0.3"
  resolved "https://registry.npmjs.org/gray-matter/-/gray-matter-4.0.3.tgz"
  dependencies:
    js-yaml "^3.13.1"
    kind-of "^6.0.2"
    section-matter "^1.0.0"
    strip-bom-string "^1.0.0"

has-flag@^4.0.0:
  version "4.0.0"
  resolved "https://registry.npmjs.org/has-flag/-/has-flag-4.0.0.tgz"

has@^1.0.3:
  version "1.0.3"
  resolved "https://registry.npmjs.org/has/-/has-1.0.3.tgz"
  dependencies:
    function-bind "^1.1.1"

hash-sum@^2.0.0:
  version "2.0.0"
  resolved "https://registry.npmjs.org/hash-sum/-/hash-sum-2.0.0.tgz"

human-signals@^2.1.0:
  version "2.1.0"
  resolved "https://registry.npmjs.org/human-signals/-/human-signals-2.1.0.tgz"

ieee754@^1.1.13:
  version "1.2.1"
  resolved "https://registry.npmjs.org/ieee754/-/ieee754-1.2.1.tgz"

ignore@^5.2.0:
  version "5.2.0"
  resolved "https://registry.npmjs.org/ignore/-/ignore-5.2.0.tgz"

immutable@^4.0.0:
  version "4.0.0"
  resolved "https://registry.npmjs.org/immutable/-/immutable-4.0.0.tgz"

inherits@^2.0.3, inherits@^2.0.4:
  version "2.0.4"
  resolved "https://registry.npmjs.org/inherits/-/inherits-2.0.4.tgz"

is-binary-path@~2.1.0:
  version "2.1.0"
  resolved "https://registry.npmjs.org/is-binary-path/-/is-binary-path-2.1.0.tgz"
  dependencies:
    binary-extensions "^2.0.0"

is-core-module@^2.8.1:
  version "2.9.0"
  resolved "https://registry.npmjs.org/is-core-module/-/is-core-module-2.9.0.tgz"
  dependencies:
    has "^1.0.3"

is-extendable@^0.1.0:
  version "0.1.1"
  resolved "https://registry.npmjs.org/is-extendable/-/is-extendable-0.1.1.tgz"

is-extglob@^2.1.1:
  version "2.1.1"
  resolved "https://registry.npmjs.org/is-extglob/-/is-extglob-2.1.1.tgz"

is-glob@^4.0.1, is-glob@~4.0.1:
  version "4.0.3"
  resolved "https://registry.npmjs.org/is-glob/-/is-glob-4.0.3.tgz"
  dependencies:
    is-extglob "^2.1.1"

is-interactive@^1.0.0:
  version "1.0.0"
  resolved "https://registry.npmjs.org/is-interactive/-/is-interactive-1.0.0.tgz"

is-number@^7.0.0:
  version "7.0.0"
  resolved "https://registry.npmjs.org/is-number/-/is-number-7.0.0.tgz"

is-stream@^2.0.0:
  version "2.0.1"
  resolved "https://registry.npmjs.org/is-stream/-/is-stream-2.0.1.tgz"

is-unicode-supported@^0.1.0:
  version "0.1.0"
  resolved "https://registry.npmjs.org/is-unicode-supported/-/is-unicode-supported-0.1.0.tgz"

isexe@^2.0.0:
  version "2.0.0"
  resolved "https://registry.npmjs.org/isexe/-/isexe-2.0.0.tgz"

js-yaml@^3.13.1:
  version "3.14.1"
  resolved "https://registry.npmjs.org/js-yaml/-/js-yaml-3.14.1.tgz"
  dependencies:
    argparse "^1.0.7"
    esprima "^4.0.0"

jsonfile@^6.0.1:
  version "6.1.0"
  resolved "https://registry.npmjs.org/jsonfile/-/jsonfile-6.1.0.tgz"
  dependencies:
    universalify "^2.0.0"
  optionalDependencies:
    graceful-fs "^4.1.6"

kind-of@^6.0.0, kind-of@^6.0.2:
  version "6.0.3"
  resolved "https://registry.npmjs.org/kind-of/-/kind-of-6.0.3.tgz"

linkify-it@^4.0.1:
  version "4.0.1"
  resolved "https://registry.npmjs.org/linkify-it/-/linkify-it-4.0.1.tgz"
  dependencies:
    uc.micro "^1.0.1"

log-symbols@^4.1.0:
  version "4.1.0"
  resolved "https://registry.npmjs.org/log-symbols/-/log-symbols-4.1.0.tgz"
  dependencies:
    chalk "^4.1.0"
    is-unicode-supported "^0.1.0"

magic-string@^0.25.7:
  version "0.25.9"
  resolved "https://registry.npmjs.org/magic-string/-/magic-string-0.25.9.tgz"
  dependencies:
    sourcemap-codec "^1.4.8"

markdown-it-anchor@^8.4.1:
  version "8.6.3"
  resolved "https://registry.npmjs.org/markdown-it-anchor/-/markdown-it-anchor-8.6.3.tgz"

markdown-it-container@^3.0.0:
  version "3.0.0"
  resolved "https://registry.npmjs.org/markdown-it-container/-/markdown-it-container-3.0.0.tgz"

markdown-it-emoji@^2.0.0:
  version "2.0.2"
  resolved "https://registry.npmjs.org/markdown-it-emoji/-/markdown-it-emoji-2.0.2.tgz"

markdown-it@^13.0.0:
  version "13.0.1"
  resolved "https://registry.npmjs.org/markdown-it/-/markdown-it-13.0.1.tgz"
  dependencies:
    argparse "^2.0.1"
    entities "~3.0.1"
    linkify-it "^4.0.1"
    mdurl "^1.0.1"
    uc.micro "^1.0.5"

mdurl@^1.0.1:
  version "1.0.1"
  resolved "https://registry.npmjs.org/mdurl/-/mdurl-1.0.1.tgz"

medium-zoom@^1.0.6:
  version "1.0.6"
  resolved "https://registry.npmjs.org/medium-zoom/-/medium-zoom-1.0.6.tgz"

merge-stream@^2.0.0:
  version "2.0.0"
  resolved "https://registry.npmjs.org/merge-stream/-/merge-stream-2.0.0.tgz"

merge2@^1.3.0, merge2@^1.4.1:
  version "1.4.1"
  resolved "https://registry.npmjs.org/merge2/-/merge2-1.4.1.tgz"

micromatch@^4.0.4:
  version "4.0.5"
  resolved "https://registry.npmjs.org/micromatch/-/micromatch-4.0.5.tgz"
  dependencies:
    braces "^3.0.2"
    picomatch "^2.3.1"

mimic-fn@^2.1.0:
  version "2.1.0"
  resolved "https://registry.npmjs.org/mimic-fn/-/mimic-fn-2.1.0.tgz"

ms@2.1.2:
  version "2.1.2"
  resolved "https://registry.npmjs.org/ms/-/ms-2.1.2.tgz"

nanoid@^3.3.3:
  version "3.3.4"
  resolved "https://registry.npmjs.org/nanoid/-/nanoid-3.3.4.tgz"

node-releases@^2.0.3:
  version "2.0.4"
  resolved "https://registry.npmjs.org/node-releases/-/node-releases-2.0.4.tgz"

normalize-path@^3.0.0, normalize-path@~3.0.0:
  version "3.0.0"
  resolved "https://registry.npmjs.org/normalize-path/-/normalize-path-3.0.0.tgz"

normalize-range@^0.1.2:
  version "0.1.2"
  resolved "https://registry.npmjs.org/normalize-range/-/normalize-range-0.1.2.tgz"

npm-run-path@^4.0.1:
  version "4.0.1"
  resolved "https://registry.npmjs.org/npm-run-path/-/npm-run-path-4.0.1.tgz"
  dependencies:
    path-key "^3.0.0"

onetime@^5.1.0, onetime@^5.1.2:
  version "5.1.2"
  resolved "https://registry.npmjs.org/onetime/-/onetime-5.1.2.tgz"
  dependencies:
    mimic-fn "^2.1.0"

ora@^5.4.1:
  version "5.4.1"
  resolved "https://registry.npmjs.org/ora/-/ora-5.4.1.tgz"
  dependencies:
    bl "^4.1.0"
    chalk "^4.1.0"
    cli-cursor "^3.1.0"
    cli-spinners "^2.5.0"
    is-interactive "^1.0.0"
    is-unicode-supported "^0.1.0"
    log-symbols "^4.1.0"
    strip-ansi "^6.0.0"
    wcwidth "^1.0.1"

path-key@^3.0.0, path-key@^3.1.0:
  version "3.1.1"
  resolved "https://registry.npmjs.org/path-key/-/path-key-3.1.1.tgz"

path-parse@^1.0.7:
  version "1.0.7"
  resolved "https://registry.npmjs.org/path-parse/-/path-parse-1.0.7.tgz"

path-type@^4.0.0:
  version "4.0.0"
  resolved "https://registry.npmjs.org/path-type/-/path-type-4.0.0.tgz"

picocolors@^1.0.0:
  version "1.0.0"
  resolved "https://registry.npmjs.org/picocolors/-/picocolors-1.0.0.tgz"

picomatch@^2.0.4, picomatch@^2.2.1, picomatch@^2.3.1:
  version "2.3.1"
  resolved "https://registry.npmjs.org/picomatch/-/picomatch-2.3.1.tgz"

postcss-value-parser@^4.2.0:
  version "4.2.0"
  resolved "https://registry.npmjs.org/postcss-value-parser/-/postcss-value-parser-4.2.0.tgz"

postcss@^8.1.10, postcss@^8.4.13:
  version "8.4.13"
  resolved "https://registry.npmjs.org/postcss/-/postcss-8.4.13.tgz"
  dependencies:
    nanoid "^3.3.3"
    picocolors "^1.0.0"
    source-map-js "^1.0.2"

prismjs@^1.27.0:
  version "1.28.0"
  resolved "https://registry.npmjs.org/prismjs/-/prismjs-1.28.0.tgz"

queue-microtask@^1.2.2:
  version "1.2.3"
  resolved "https://registry.npmjs.org/queue-microtask/-/queue-microtask-1.2.3.tgz"

readable-stream@^3.4.0:
  version "3.6.0"
  resolved "https://registry.npmjs.org/readable-stream/-/readable-stream-3.6.0.tgz"
  dependencies:
    inherits "^2.0.3"
    string_decoder "^1.1.1"
    util-deprecate "^1.0.1"

readdirp@~3.6.0:
  version "3.6.0"
  resolved "https://registry.npmjs.org/readdirp/-/readdirp-3.6.0.tgz"
  dependencies:
    picomatch "^2.2.1"

resolve@^1.22.0:
  version "1.22.0"
  resolved "https://registry.npmjs.org/resolve/-/resolve-1.22.0.tgz"
  dependencies:
    is-core-module "^2.8.1"
    path-parse "^1.0.7"
    supports-preserve-symlinks-flag "^1.0.0"

restore-cursor@^3.1.0:
  version "3.1.0"
  resolved "https://registry.npmjs.org/restore-cursor/-/restore-cursor-3.1.0.tgz"
  dependencies:
    onetime "^5.1.0"
    signal-exit "^3.0.2"

reusify@^1.0.4:
  version "1.0.4"
  resolved "https://registry.npmjs.org/reusify/-/reusify-1.0.4.tgz"

rollup@^2.59.0, rollup@^2.71.1:
  version "2.79.2"
  resolved "https://registry.yarnpkg.com/rollup/-/rollup-2.79.2.tgz#f150e4a5db4b121a21a747d762f701e5e9f49090"
  optionalDependencies:
    fsevents "~2.3.2"

run-parallel@^1.1.9:
  version "1.2.0"
  resolved "https://registry.npmjs.org/run-parallel/-/run-parallel-1.2.0.tgz"
  dependencies:
    queue-microtask "^1.2.2"

safe-buffer@~5.2.0:
  version "5.2.1"
  resolved "https://registry.npmjs.org/safe-buffer/-/safe-buffer-5.2.1.tgz"

sass@^1.51.0:
  version "1.51.0"
  resolved "https://registry.npmjs.org/sass/-/sass-1.51.0.tgz"
  dependencies:
    chokidar ">=3.0.0 <4.0.0"
    immutable "^4.0.0"
    source-map-js ">=0.6.2 <2.0.0"

section-matter@^1.0.0:
  version "1.0.0"
  resolved "https://registry.npmjs.org/section-matter/-/section-matter-1.0.0.tgz"
  dependencies:
    extend-shallow "^2.0.1"
    kind-of "^6.0.0"

shebang-command@^2.0.0:
  version "2.0.0"
  resolved "https://registry.npmjs.org/shebang-command/-/shebang-command-2.0.0.tgz"
  dependencies:
    shebang-regex "^3.0.0"

shebang-regex@^3.0.0:
  version "3.0.0"
  resolved "https://registry.npmjs.org/shebang-regex/-/shebang-regex-3.0.0.tgz"

signal-exit@^3.0.2, signal-exit@^3.0.3:
  version "3.0.7"
  resolved "https://registry.npmjs.org/signal-exit/-/signal-exit-3.0.7.tgz"

slash@^3.0.0:
  version "3.0.0"
  resolved "https://registry.npmjs.org/slash/-/slash-3.0.0.tgz"

"source-map-js@>=0.6.2 <2.0.0", source-map-js@^1.0.2:
  version "1.0.2"
  resolved "https://registry.npmjs.org/source-map-js/-/source-map-js-1.0.2.tgz"

source-map@^0.6.1:
  version "0.6.1"
  resolved "https://registry.npmjs.org/source-map/-/source-map-0.6.1.tgz"

sourcemap-codec@^1.4.8:
  version "1.4.8"
  resolved "https://registry.npmjs.org/sourcemap-codec/-/sourcemap-codec-1.4.8.tgz"

sprintf-js@~1.0.2:
  version "1.0.3"
  resolved "https://registry.npmjs.org/sprintf-js/-/sprintf-js-1.0.3.tgz"

string_decoder@^1.1.1:
  version "1.3.0"
  resolved "https://registry.npmjs.org/string_decoder/-/string_decoder-1.3.0.tgz"
  dependencies:
    safe-buffer "~5.2.0"

strip-ansi@^6.0.0:
  version "6.0.1"
  resolved "https://registry.npmjs.org/strip-ansi/-/strip-ansi-6.0.1.tgz"
  dependencies:
    ansi-regex "^5.0.1"

strip-bom-string@^1.0.0:
  version "1.0.0"
  resolved "https://registry.npmjs.org/strip-bom-string/-/strip-bom-string-1.0.0.tgz"

strip-final-newline@^2.0.0:
  version "2.0.0"
  resolved "https://registry.npmjs.org/strip-final-newline/-/strip-final-newline-2.0.0.tgz"

supports-color@^7.1.0:
  version "7.2.0"
  resolved "https://registry.npmjs.org/supports-color/-/supports-color-7.2.0.tgz"
  dependencies:
    has-flag "^4.0.0"

supports-preserve-symlinks-flag@^1.0.0:
  version "1.0.0"
  resolved "https://registry.npmjs.org/supports-preserve-symlinks-flag/-/supports-preserve-symlinks-flag-1.0.0.tgz"

to-regex-range@^5.0.1:
  version "5.0.1"
  resolved "https://registry.npmjs.org/to-regex-range/-/to-regex-range-5.0.1.tgz"
  dependencies:
    is-number "^7.0.0"

toml@^3.0.0:
  version "3.0.0"
  resolved "https://registry.npmjs.org/toml/-/toml-3.0.0.tgz"

ts-debounce@^4.0.0:
  version "4.0.0"
  resolved "https://registry.npmjs.org/ts-debounce/-/ts-debounce-4.0.0.tgz"

uc.micro@^1.0.1, uc.micro@^1.0.5:
  version "1.0.6"
  resolved "https://registry.npmjs.org/uc.micro/-/uc.micro-1.0.6.tgz"

universalify@^2.0.0:
  version "2.0.0"
  resolved "https://registry.npmjs.org/universalify/-/universalify-2.0.0.tgz"

upath@^2.0.1:
  version "2.0.1"
  resolved "https://registry.npmjs.org/upath/-/upath-2.0.1.tgz"

util-deprecate@^1.0.1:
  version "1.0.2"
  resolved "https://registry.npmjs.org/util-deprecate/-/util-deprecate-1.0.2.tgz"

vite@~2.9.6:
  version "2.9.8"
  resolved "https://registry.npmjs.org/vite/-/vite-2.9.8.tgz"
  dependencies:
    esbuild "^0.14.27"
    postcss "^8.4.13"
    resolve "^1.22.0"
    rollup "^2.59.0"
  optionalDependencies:
    fsevents "~2.3.2"

vue-demi@*:
  version "0.12.5"
  resolved "https://registry.npmjs.org/vue-demi/-/vue-demi-0.12.5.tgz"

vue-router@^4.0.14:
  version "4.0.15"
  resolved "https://registry.npmjs.org/vue-router/-/vue-router-4.0.15.tgz"
  dependencies:
    "@vue/devtools-api" "^6.0.0"

vue@^3.2.33:
  version "3.2.33"
  resolved "https://registry.npmjs.org/vue/-/vue-3.2.33.tgz"
  dependencies:
    "@vue/compiler-dom" "3.2.33"
    "@vue/compiler-sfc" "3.2.33"
    "@vue/runtime-dom" "3.2.33"
    "@vue/server-renderer" "3.2.33"
    "@vue/shared" "3.2.33"

vuepress-vite@2.0.0-beta.43:
  version "2.0.0-beta.43"
  resolved "https://registry.npmjs.org/vuepress-vite/-/vuepress-vite-2.0.0-beta.43.tgz"
  dependencies:
    "@vuepress/bundler-vite" "2.0.0-beta.43"
    "@vuepress/cli" "2.0.0-beta.43"
    "@vuepress/core" "2.0.0-beta.43"
    "@vuepress/theme-default" "2.0.0-beta.43"

vuepress@^2.0.0-beta.43:
  version "2.0.0-beta.43"
  resolved "https://registry.npmjs.org/vuepress/-/vuepress-2.0.0-beta.43.tgz"
  dependencies:
    vuepress-vite "2.0.0-beta.43"

wcwidth@^1.0.1:
  version "1.0.1"
  resolved "https://registry.npmjs.org/wcwidth/-/wcwidth-1.0.1.tgz"
  dependencies:
    defaults "^1.0.3"

which@^2.0.1:
  version "2.0.2"
  resolved "https://registry.npmjs.org/which/-/which-2.0.2.tgz"
  dependencies:
    isexe "^2.0.0"
